
Microsoft Visual Studio Solution File, Format Version 11.00
# Visual C# Express 2010
Project("{FAE04EC0-301F-11D3-BF4B-00C04F79EFBC}") = "RecursiveCleaner", "RecursiveCleaner\RecursiveCleaner.csproj", "{ED10CA64-D9C1-4D20-A340-F9A4B6D1E1C5}"
EndProject
Project("{FAE04EC0-301F-11D3-BF4B-00C04F79EFBC}") = "Engine", "Engine\Engine.csproj", "{54819D6A-8908-4349-8454-8D303895547C}"
EndProject
Project("{FAE04EC0-301F-11D3-BF4B-00C04F79EFBC}") = "Tests", "Tests\Tests.csproj", "{B34AC1EC-52F9-4F7C-AA6A-ECEB531C9263}"
EndProject
Global
	GlobalSection(SolutionConfigurationPlatforms) = preSolution
		Debug|Any CPU = Debug|Any CPU
		Debug|Mixed Platforms = Debug|Mixed Platforms
		Debug|x86 = Debug|x86
		Release|Any CPU = Release|Any CPU
		Release|Mixed Platforms = Release|Mixed Platforms
		Release|x86 = Release|x86
	EndGlobalSection
	GlobalSection(ProjectConfigurationPlatforms) = postSolution
		{ED10CA64-D9C1-4D20-A340-F9A4B6D1E1C5}.Debug|Any CPU.ActiveCfg = Debug|x86
		{ED10CA64-D9C1-4D20-A340-F9A4B6D1E1C5}.Debug|Mixed Platforms.ActiveCfg = Debug|x86
		{ED10CA64-D9C1-4D20-A340-F9A4B6D1E1C5}.Debug|Mixed Platforms.Build.0 = Debug|x86
		{ED10CA64-D9C1-4D20-A340-F9A4B6D1E1C5}.Debug|x86.ActiveCfg = Debug|x86
		{ED10CA64-D9C1-4D20-A340-F9A4B6D1E1C5}.Debug|x86.Build.0 = Debug|x86
		{ED10CA64-D9C1-4D20-A340-F9A4B6D1E1C5}.Release|Any CPU.ActiveCfg = Release|x86
		{ED10CA64-D9C1-4D20-A340-F9A4B6D1E1C5}.Release|Mixed Platforms.ActiveCfg = Release|x86
		{ED10CA64-D9C1-4D20-A340-F9A4B6D1E1C5}.Release|Mixed Platforms.Build.0 = Release|x86
		{ED10CA64-D9C1-4D20-A340-F9A4B6D1E1C5}.Release|x86.ActiveCfg = Release|x86
		{ED10CA64-D9C1-4D20-A340-F9A4B6D1E1C5}.Release|x86.Build.0 = Release|x86
		{54819D6A-8908-4349-8454-8D303895547C}.Debug|Any CPU.ActiveCfg = Debug|Any CPU
		{54819D6A-8908-4349-8454-8D303895547C}.Debug|Any CPU.Build.0 = Debug|Any CPU
		{54819D6A-8908-4349-8454-8D303895547C}.Debug|Mixed Platforms.ActiveCfg = Debug|Any CPU
		{54819D6A-8908-4349-8454-8D303895547C}.Debug|Mixed Platforms.Build.0 = Debug|Any CPU
		{54819D6A-8908-4349-8454-8D303895547C}.Debug|x86.ActiveCfg = Debug|Any CPU
		{54819D6A-8908-4349-8454-8D303895547C}.Release|Any CPU.ActiveCfg = Release|Any CPU
		{54819D6A-8908-4349-8454-8D303895547C}.Release|Any CPU.Build.0 = Release|Any CPU
		{54819D6A-8908-4349-8454-8D303895547C}.Release|Mixed Platforms.ActiveCfg = Release|Any CPU
		{54819D6A-8908-4349-8454-8D303895547C}.Release|Mixed Platforms.Build.0 = Release|Any CPU
		{54819D6A-8908-4349-8454-8D303895547C}.Release|x86.ActiveCfg = Release|Any CPU
		{B34AC1EC-52F9-4F7C-AA6A-ECEB531C9263}.Debug|Any CPU.ActiveCfg = Debug|x86
		{B34AC1EC-52F9-4F7C-AA6A-ECEB531C9263}.Debug|Mixed Platforms.ActiveCfg = Debug|x86
		{B34AC1EC-52F9-4F7C-AA6A-ECEB531C9263}.Debug|Mixed Platforms.Build.0 = Debug|x86
		{B34AC1EC-52F9-4F7C-AA6A-ECEB531C9263}.Debug|x86.ActiveCfg = Debug|x86
		{B34AC1EC-52F9-4F7C-AA6A-ECEB531C9263}.Debug|x86.Build.0 = Debug|x86
		{B34AC1EC-52F9-4F7C-AA6A-ECEB531C9263}.Release|Any CPU.ActiveCfg = Release|x86
		{B34AC1EC-52F9-4F7C-AA6A-ECEB531C9263}.Release|Mixed Platforms.ActiveCfg = Release|x86
		{B34AC1EC-52F9-4F7C-AA6A-ECEB531C9263}.Release|Mixed Platforms.Build.0 = Release|x86
		{B34AC1EC-52F9-4F7C-AA6A-ECEB531C9263}.Release|x86.ActiveCfg = Release|x86
		{B34AC1EC-52F9-4F7C-AA6A-ECEB531C9263}.Release|x86.Build.0 = Release|x86
	EndGlobalSection
	GlobalSection(SolutionProperties) = preSolution
		HideSolutionNode = FALSE
	EndGlobalSection
EndGlobal
